github.com/gethugothemes/hugo-modules/accordion v0.0.0-20240525031707-f23b0cd94862 h1:jqZyhEUvVS59YT7KN/dUCWcqRZmh3jNtoMchTNhdfWw=
github.com/gethugothemes/hugo-modules/accordion v0.0.0-20240525031707-f23b0cd94862/go.mod h1:D4DpauKPDcUHI9CVKYmJeO6bkSJIhUN864TyXZ2o0VI=
github.com/gethugothemes/hugo-modules/accordion v0.0.0-20250421104330-bca9c73678cd h1:vqKl0/m4rDNCaEtg7ZvKpg5Wy1yAWZ1s6vkWCjmi1dM=
github.com/gethugothemes/hugo-modules/accordion v0.0.0-20250421104330-bca9c73678cd/go.mod h1:D4DpauKPDcUHI9CVKYmJeO6bkSJIhUN864TyXZ2o0VI=
github.com/gethugothemes/hugo-modules/adsense v0.0.0-20240525031707-f23b0cd94862 h1:mWQRXozUIfADZUCmAEq46XSlxkt3Z9uSah67T8ECT9U=
github.com/gethugothemes/hugo-modules/adsense v0.0.0-20240525031707-f23b0cd94862/go.mod h1:8p/gG/cyyu20z4q5cFN/JGE5TOFA55Xsp+aIP9KCsqo=
github.com/gethugothemes/hugo-modules/adsense v0.0.0-20250421104330-bca9c73678cd h1:OmHi7ghynW662bFhMx/Y7RmOtcSOlfpCo4WDI4aQrbY=
github.com/gethugothemes/hugo-modules/adsense v0.0.0-20250421104330-bca9c73678cd/go.mod h1:8p/gG/cyyu20z4q5cFN/JGE5TOFA55Xsp+aIP9KCsqo=
github.com/gethugothemes/hugo-modules/components/cookie-consent v0.0.0-20240525031707-f23b0cd94862 h1:pnFVlBX05vIk0NYEOKGz7aXuewoQFpwxnsxe3nEAO/E=
github.com/gethugothemes/hugo-modules/components/cookie-consent v0.0.0-20240525031707-f23b0cd94862/go.mod h1:511ERLpGe3ZTfV2z/NAtUSR5NqKF26h9z5lU/zYV4YQ=
github.com/gethugothemes/hugo-modules/components/cookie-consent v0.0.0-20250421104330-bca9c73678cd h1:nEm8UEb1eTS2nwV0nt/Zp1cC6/oUO314k1y77YJsYSY=
github.com/gethugothemes/hugo-modules/components/cookie-consent v0.0.0-20250421104330-bca9c73678cd/go.mod h1:511ERLpGe3ZTfV2z/NAtUSR5NqKF26h9z5lU/zYV4YQ=
github.com/gethugothemes/hugo-modules/components/custom-script v0.0.0-20240525031707-f23b0cd94862 h1:uEPBfQ/FMknhpXQxp7CCNJfA50wZTgr5ChFVLgq6Xio=
github.com/gethugothemes/hugo-modules/components/custom-script v0.0.0-20240525031707-f23b0cd94862/go.mod h1:RuDHq4WnK8sNEzAIJr4BZQ7oXhzcct/EKaAxc2Xvi9E=
github.com/gethugothemes/hugo-modules/components/custom-script v0.0.0-20250421104330-bca9c73678cd h1:QgPKMVkC+3bcseXkyfW1lqdCSRuyqZMUVxLAkG+SrtA=
github.com/gethugothemes/hugo-modules/components/custom-script v0.0.0-20250421104330-bca9c73678cd/go.mod h1:RuDHq4WnK8sNEzAIJr4BZQ7oXhzcct/EKaAxc2Xvi9E=
github.com/gethugothemes/hugo-modules/components/preloader v0.0.0-20240525031707-f23b0cd94862 h1:Aqk25Ic2TKNUQVQTo3DDVf9hdIaI0rCwtshNCQuRY5A=
github.com/gethugothemes/hugo-modules/components/preloader v0.0.0-20240525031707-f23b0cd94862/go.mod h1:FP0iQ3tMOesuWFZhLst2KEvUEYPb5Jk1GW+QBP9lrwg=
github.com/gethugothemes/hugo-modules/components/preloader v0.0.0-20250421104330-bca9c73678cd h1:FB06z0OdmZ+chTKjZCyHG8ngvYiFYYxooMjfp2WmqGs=
github.com/gethugothemes/hugo-modules/components/preloader v0.0.0-20250421104330-bca9c73678cd/go.mod h1:FP0iQ3tMOesuWFZhLst2KEvUEYPb5Jk1GW+QBP9lrwg=
github.com/gethugothemes/hugo-modules/components/render-link v0.0.0-20240525031707-f23b0cd94862 h1:3/04wK61Q+gT2dtpfbhBpwL5sMqIhE3sDpu+hpuWB3Q=
github.com/gethugothemes/hugo-modules/components/render-link v0.0.0-20240525031707-f23b0cd94862/go.mod h1:z3YcIeEBUonAoRDY1/Jv1ojNVkZ5ud35a0Nn8L4Inx0=
github.com/gethugothemes/hugo-modules/components/render-link v0.0.0-20250421104330-bca9c73678cd h1:32HIZ37qGvC2jv+EHY2n8/BYvWbGKCP32GoQ+LZvMw4=
github.com/gethugothemes/hugo-modules/components/render-link v0.0.0-20250421104330-bca9c73678cd/go.mod h1:z3YcIeEBUonAoRDY1/Jv1ojNVkZ5ud35a0Nn8L4Inx0=
github.com/gethugothemes/hugo-modules/components/social-share v0.0.0-20240525031707-f23b0cd94862 h1:ndSGWSpgAGp8d1fmoljTZ8fZcbDVFaI6juTAPliJsc4=
github.com/gethugothemes/hugo-modules/components/social-share v0.0.0-20240525031707-f23b0cd94862/go.mod h1:Gcj4RM/EBECsJMZnPeWjfy/1roRYGqzV9GYNmeHkvFA=
github.com/gethugothemes/hugo-modules/components/social-share v0.0.0-20250421104330-bca9c73678cd h1:KtHQdVfjtTw7bDnb651ybyGtMdAPGEI8HSI4r7KvsWk=
github.com/gethugothemes/hugo-modules/components/social-share v0.0.0-20250421104330-bca9c73678cd/go.mod h1:Gcj4RM/EBECsJMZnPeWjfy/1roRYGqzV9GYNmeHkvFA=
github.com/gethugothemes/hugo-modules/gallery-slider v0.0.0-20240525031707-f23b0cd94862 h1:AUwZfe/Cu7Xi8egDJk/L/IqQKXSRW/XaZOfi7IwaN+c=
github.com/gethugothemes/hugo-modules/gallery-slider v0.0.0-20240525031707-f23b0cd94862/go.mod h1:MvQ2js/ofZ22CTX5wuvE+dC0rMe6C5HAWL2fEOu/yzE=
github.com/gethugothemes/hugo-modules/gallery-slider v0.0.0-20250421104330-bca9c73678cd h1:Ae+ouMvTSsDMBBJwOENhm4GyVKqNdtKDMRBwl3pDKDM=
github.com/gethugothemes/hugo-modules/gallery-slider v0.0.0-20250421104330-bca9c73678cd/go.mod h1:MvQ2js/ofZ22CTX5wuvE+dC0rMe6C5HAWL2fEOu/yzE=
github.com/gethugothemes/hugo-modules/gzip-caching v0.0.0-20240525031707-f23b0cd94862 h1:hdWa5Vq7OkJhkHnPASoU8l0OxtbpOeN3MAcfcbmz7To=
github.com/gethugothemes/hugo-modules/gzip-caching v0.0.0-20240525031707-f23b0cd94862/go.mod h1:0ZMjTZVG4XLZU2/icc8Saqo4mmgMpfRTrUZU2Aa2Pwg=
github.com/gethugothemes/hugo-modules/gzip-caching v0.0.0-20250421104330-bca9c73678cd h1:mX2nUsqPuF7qrKx6xWRKBnXFItG9gsqUFgHEmBO1nWU=
github.com/gethugothemes/hugo-modules/gzip-caching v0.0.0-20250421104330-bca9c73678cd/go.mod h1:0ZMjTZVG4XLZU2/icc8Saqo4mmgMpfRTrUZU2Aa2Pwg=
github.com/gethugothemes/hugo-modules/icons/font-awesome v0.0.0-20240525031707-f23b0cd94862 h1:nBifGo8tC6JEWLDRAzcpEO8IBXnoRCZ8xudEgy4vmeg=
github.com/gethugothemes/hugo-modules/icons/font-awesome v0.0.0-20240525031707-f23b0cd94862/go.mod h1:d3gy1vQyfasPmGpau7HpQLrXbOv23PfXclSnjyOBxeU=
github.com/gethugothemes/hugo-modules/icons/font-awesome v0.0.0-20250421104330-bca9c73678cd h1:w29xQdd+C2jKaO18cNbsesKeZAZfRqSuyR1x+uS4osc=
github.com/gethugothemes/hugo-modules/icons/font-awesome v0.0.0-20250421104330-bca9c73678cd/go.mod h1:d3gy1vQyfasPmGpau7HpQLrXbOv23PfXclSnjyOBxeU=
github.com/gethugothemes/hugo-modules/images v0.0.0-20240525031707-f23b0cd94862 h1:jYV7KUVlcapHlnptewAYOJI3DySz4yBN6a9V7iUrz6k=
github.com/gethugothemes/hugo-modules/images v0.0.0-20240525031707-f23b0cd94862/go.mod h1:FKliP3qOW9diIcQeLtyZ0Hdhg3PL8bdAkC/6O+XtU90=
github.com/gethugothemes/hugo-modules/images v0.0.0-20250421104330-bca9c73678cd h1:ZltC+jQbHEGph9+s+LUvBnr0xIeIAip/tlRxvWKYjIs=
github.com/gethugothemes/hugo-modules/images v0.0.0-20250421104330-bca9c73678cd/go.mod h1:FKliP3qOW9diIcQeLtyZ0Hdhg3PL8bdAkC/6O+XtU90=
github.com/gethugothemes/hugo-modules/modal v0.0.0-20240525031707-f23b0cd94862 h1:FNf16g3chuweHWH2q7xKaI/Oi6Eldjqn7p0eOQKBvHY=
github.com/gethugothemes/hugo-modules/modal v0.0.0-20240525031707-f23b0cd94862/go.mod h1:Eb9v7oV6biymfvjcBhQdvgn0gUGYhUtfCMeOBLFpFsk=
github.com/gethugothemes/hugo-modules/modal v0.0.0-20250421104330-bca9c73678cd h1:KxN2VD/DbDEx4Te7NLyI5Ubk4MvgchRgJdPdppbsriQ=
github.com/gethugothemes/hugo-modules/modal v0.0.0-20250421104330-bca9c73678cd/go.mod h1:Eb9v7oV6biymfvjcBhQdvgn0gUGYhUtfCMeOBLFpFsk=
github.com/gethugothemes/hugo-modules/pwa v0.0.0-20240525031707-f23b0cd94862 h1:Y/Lprflmf0oY5BC7EaW2pr7miCwTOQLh06C+70gPhzI=
github.com/gethugothemes/hugo-modules/pwa v0.0.0-20240525031707-f23b0cd94862/go.mod h1:TRv7iszdfo37O1PbBEE+S8X/enAdpRIxK5DGrp13Qbo=
github.com/gethugothemes/hugo-modules/pwa v0.0.0-20250421104330-bca9c73678cd h1:EC4pou70Z8TE8QDLATzfSL54zZDyyFCanb8CBA2m+Wk=
github.com/gethugothemes/hugo-modules/pwa v0.0.0-20250421104330-bca9c73678cd/go.mod h1:TRv7iszdfo37O1PbBEE+S8X/enAdpRIxK5DGrp13Qbo=
github.com/gethugothemes/hugo-modules/search v0.0.0-20240525031707-f23b0cd94862 h1:dE79PX5NQ30CCiOo9XzSEoAa4wUcRQumN5Os67XzEqk=
github.com/gethugothemes/hugo-modules/search v0.0.0-20240525031707-f23b0cd94862/go.mod h1:tmDvLaZCM+QDvS/WLZXNjY1QTdWh7/68D2wIToECbyA=
github.com/gethugothemes/hugo-modules/search v0.0.0-20250421104330-bca9c73678cd h1:w2FnkVghTeTxSHvHO8uqLQBWW9PSPeaufzYAkZc2mGY=
github.com/gethugothemes/hugo-modules/search v0.0.0-20250421104330-bca9c73678cd/go.mod h1:tmDvLaZCM+QDvS/WLZXNjY1QTdWh7/68D2wIToECbyA=
github.com/gethugothemes/hugo-modules/seo-tools/basic-seo v0.0.0-20240525031707-f23b0cd94862 h1:d27J+vGMcAoGtFGPQWts2MkZ7XrmqfGrgLD33tZjbYc=
github.com/gethugothemes/hugo-modules/seo-tools/basic-seo v0.0.0-20240525031707-f23b0cd94862/go.mod h1:Q8dPgjamV7pxwKSQyWV21Xwh5CGi23/k+M8HPTphYbs=
github.com/gethugothemes/hugo-modules/seo-tools/basic-seo v0.0.0-20250421104330-bca9c73678cd h1:TzcsfMq3yyfa8RpiU2cvn0F/gM9VqBy2J2NzoaC3uYg=
github.com/gethugothemes/hugo-modules/seo-tools/basic-seo v0.0.0-20250421104330-bca9c73678cd/go.mod h1:Q8dPgjamV7pxwKSQyWV21Xwh5CGi23/k+M8HPTphYbs=
github.com/gethugothemes/hugo-modules/seo-tools/google-tag-manager v0.0.0-20240525031707-f23b0cd94862 h1:YlyAcCSVXv3VbwVNK8Xo+KNgjnLORes4sVaZTP/6HHA=
github.com/gethugothemes/hugo-modules/seo-tools/google-tag-manager v0.0.0-20240525031707-f23b0cd94862/go.mod h1:cCq50yd55eFTrpqOfeyOK5X0hU5E7qxsqOD7IzTsgLA=
github.com/gethugothemes/hugo-modules/seo-tools/google-tag-manager v0.0.0-20250421104330-bca9c73678cd h1:Lk3L2bINTu7zJ6D4o9aUHhtEvNLTyMELfojQWKPvnFg=
github.com/gethugothemes/hugo-modules/seo-tools/google-tag-manager v0.0.0-20250421104330-bca9c73678cd/go.mod h1:cCq50yd55eFTrpqOfeyOK5X0hU5E7qxsqOD7IzTsgLA=
github.com/gethugothemes/hugo-modules/seo-tools/site-verifications v0.0.0-20240525031707-f23b0cd94862 h1:urUBcnYJgcOFgNyD1JTEgbGSyyBc7aBwywK3ntnmItk=
github.com/gethugothemes/hugo-modules/seo-tools/site-verifications v0.0.0-20240525031707-f23b0cd94862/go.mod h1:iXielaya126qJscz7Bc2G2WB91moloQOoWru6UoBUyE=
github.com/gethugothemes/hugo-modules/seo-tools/site-verifications v0.0.0-20250421104330-bca9c73678cd h1:GogJbl6VYmv0JlvIVoS36pEvD6DLilnQ3cuNM56zS6I=
github.com/gethugothemes/hugo-modules/seo-tools/site-verifications v0.0.0-20250421104330-bca9c73678cd/go.mod h1:iXielaya126qJscz7Bc2G2WB91moloQOoWru6UoBUyE=
github.com/gethugothemes/hugo-modules/shortcodes/button v0.0.0-20240525031707-f23b0cd94862 h1:0AgPMI4hUtlMrWjj2SYBzJ330hOAsKtjRUTwIucad10=
github.com/gethugothemes/hugo-modules/shortcodes/button v0.0.0-20240525031707-f23b0cd94862/go.mod h1:MSvxGvjvcGUKTs6YMATU/9kYFrzW+VSVdy4CCOQLdsY=
github.com/gethugothemes/hugo-modules/shortcodes/button v0.0.0-20250421104330-bca9c73678cd h1:J4suqFNDNNZiUkhwxH/6F9bjfEybQTqrCnrWxBiq8SM=
github.com/gethugothemes/hugo-modules/shortcodes/button v0.0.0-20250421104330-bca9c73678cd/go.mod h1:MSvxGvjvcGUKTs6YMATU/9kYFrzW+VSVdy4CCOQLdsY=
github.com/gethugothemes/hugo-modules/shortcodes/notice v0.0.0-20240525031707-f23b0cd94862 h1:jIk+QBeA3K3GBTp2dIF9A4ZUxtz/p+1zZsyHsTupeS0=
github.com/gethugothemes/hugo-modules/shortcodes/notice v0.0.0-20240525031707-f23b0cd94862/go.mod h1:ljWyMJx82WA+6SlKjbGFhEdxcriyvUTCjXkJHDa4lho=
github.com/gethugothemes/hugo-modules/shortcodes/notice v0.0.0-20250421104330-bca9c73678cd h1:/CjglS2gVeqdkyVk31Jth5iSOfpne6FN8NRBVWCqSCY=
github.com/gethugothemes/hugo-modules/shortcodes/notice v0.0.0-20250421104330-bca9c73678cd/go.mod h1:ljWyMJx82WA+6SlKjbGFhEdxcriyvUTCjXkJHDa4lho=
github.com/gethugothemes/hugo-modules/tab v0.0.0-20240525031707-f23b0cd94862 h1:Xw9YJwAi5bhSsVmqxQyvGxf76LiNIyvMDuLUh12Za00=
github.com/gethugothemes/hugo-modules/tab v0.0.0-20240525031707-f23b0cd94862/go.mod h1:h3UxlxrFoU19JldxWLPBKaTZFe3AJtABrqo1wfxr+Ng=
github.com/gethugothemes/hugo-modules/tab v0.0.0-20250421104330-bca9c73678cd h1:2ul5dHXXr0oi3m9P9wEBE9zU8tZWZ2xMpc0n/MyTOw4=
github.com/gethugothemes/hugo-modules/tab v0.0.0-20250421104330-bca9c73678cd/go.mod h1:h3UxlxrFoU19JldxWLPBKaTZFe3AJtABrqo1wfxr+Ng=
github.com/gethugothemes/hugo-modules/table-of-contents v0.0.0-20240525031707-f23b0cd94862 h1:v4uQAfqoVLssmO/cqJKISLcnVhX4308ja4kN1bxJMAI=
github.com/gethugothemes/hugo-modules/table-of-contents v0.0.0-20240525031707-f23b0cd94862/go.mod h1:bEDw4veccQQQYEdVrfu13ATRUWfW8ptDIjJZuhYh4Tw=
github.com/gethugothemes/hugo-modules/table-of-contents v0.0.0-20250421104330-bca9c73678cd h1:fcuI/r+bpie92wJXUw48pncF0e5PJm8oIpfxZk1xcDo=
github.com/gethugothemes/hugo-modules/table-of-contents v0.0.0-20250421104330-bca9c73678cd/go.mod h1:bEDw4veccQQQYEdVrfu13ATRUWfW8ptDIjJZuhYh4Tw=
github.com/gethugothemes/hugo-modules/videos v0.0.0-20240525031707-f23b0cd94862 h1:lZ71eoBYHx9PiJgmIqj9CX0uVfRR8mTCdYQGSsIWFOw=
github.com/gethugothemes/hugo-modules/videos v0.0.0-20240525031707-f23b0cd94862/go.mod h1:P722lLWdnNhdZVq6gvMrOLqECUwrAYQWaOWlChta5H0=
github.com/gethugothemes/hugo-modules/videos v0.0.0-20250421104330-bca9c73678cd h1:6gYb2CffK6AjEeE/4ReA1s4ZZ8AecdWjcSXmPtnfKJc=
github.com/gethugothemes/hugo-modules/videos v0.0.0-20250421104330-bca9c73678cd/go.mod h1:P722lLWdnNhdZVq6gvMrOLqECUwrAYQWaOWlChta5H0=
